
Microsoft Visual Studio Solution File, Format Version 12.00
# Visual Studio Version 16
VisualStudioVersion = 16.0.30114.105
MinimumVisualStudioVersion = 10.0.40219.1
Project("{FAE04EC0-301F-11D3-BF4B-00C04F79EFBC}") = "MachineMonitorService", "MachineMonitorService\MachineMonitorService.csproj", "{DE56ABA2-6FFC-4225-A50C-D309D65741D8}"
EndProject
Project("{FAE04EC0-301F-11D3-BF4B-00C04F79EFBC}") = "OneDuyKhanhDataAccess", "OneDuyKhanhDataAccess\OneDuyKhanhDataAccess.csproj", "{BD3CCC30-12F0-4C37-88C3-6157865905CF}"
EndProject
Global
	GlobalSection(SolutionConfigurationPlatforms) = preSolution
		Debug|Any CPU = Debug|Any CPU
		Release|Any CPU = Release|Any CPU
	EndGlobalSection
	GlobalSection(ProjectConfigurationPlatforms) = postSolution
		{DE56ABA2-6FFC-4225-A50C-D309D65741D8}.Debug|Any CPU.ActiveCfg = Debug|Any CPU
		{DE56ABA2-6FFC-4225-A50C-D309D65741D8}.Debug|Any CPU.Build.0 = Debug|Any CPU
		{DE56ABA2-6FFC-4225-A50C-D309D65741D8}.Release|Any CPU.ActiveCfg = Release|Any CPU
		{DE56ABA2-6FFC-4225-A50C-D309D65741D8}.Release|Any CPU.Build.0 = Release|Any CPU
		{BD3CCC30-12F0-4C37-88C3-6157865905CF}.Debug|Any CPU.ActiveCfg = Debug|Any CPU
		{BD3CCC30-12F0-4C37-88C3-6157865905CF}.Debug|Any CPU.Build.0 = Debug|Any CPU
		{BD3CCC30-12F0-4C37-88C3-6157865905CF}.Release|Any CPU.ActiveCfg = Release|Any CPU
		{BD3CCC30-12F0-4C37-88C3-6157865905CF}.Release|Any CPU.Build.0 = Release|Any CPU
	EndGlobalSection
	GlobalSection(SolutionProperties) = preSolution
		HideSolutionNode = FALSE
	EndGlobalSection
	GlobalSection(ExtensibilityGlobals) = postSolution
		SolutionGuid = {8368741E-B9F5-4041-A894-EDAEE6F23E3B}
	EndGlobalSection
EndGlobal
